
Microsoft Visual Studio Solution File, Format Version 12.00
# Visual Studio Version 17
VisualStudioVersion = 17.11.35312.102
MinimumVisualStudioVersion = 10.0.40219.1
Project("{FAE04EC0-301F-11D3-BF4B-00C04F79EFBC}") = "TradingStrategies.Backtesting", "Backtesting\TradingStrategies.Backtesting.csproj", "{32A0B579-D2D8-466D-BC2A-32B88F305D4B}"
EndProject
Project("{FAE04EC0-301F-11D3-BF4B-00C04F79EFBC}") = "TradingStrategies.Utilities", "Utilities\TradingStrategies.Utilities.csproj", "{857D2486-4BC8-46B0-965C-B1A912A0C69D}"
EndProject
Project("{9A19103F-16F7-4668-BE54-9A1E7A4F7556}") = "TradingStrategies.UnitTests", "TradingStrategies.UnitTests\TradingStrategies.UnitTests.csproj", "{A10CCDB8-9332-43E3-B536-E5E99D2B778B}"
EndProject
Project("{9A19103F-16F7-4668-BE54-9A1E7A4F7556}") = "TradingStrategies.Benchmarks", "Benchmarks\TradingStrategies.Benchmarks.csproj", "{33E9F8D0-6343-4E7A-9516-377602C8776C}"
EndProject
Global
	GlobalSection(SolutionConfigurationPlatforms) = preSolution
		Debug|Any CPU = Debug|Any CPU
		Release|Any CPU = Release|Any CPU
	EndGlobalSection
	GlobalSection(ProjectConfigurationPlatforms) = postSolution
		{32A0B579-D2D8-466D-BC2A-32B88F305D4B}.Debug|Any CPU.ActiveCfg = Debug|Any CPU
		{32A0B579-D2D8-466D-BC2A-32B88F305D4B}.Debug|Any CPU.Build.0 = Debug|Any CPU
		{32A0B579-D2D8-466D-BC2A-32B88F305D4B}.Release|Any CPU.ActiveCfg = Release|Any CPU
		{32A0B579-D2D8-466D-BC2A-32B88F305D4B}.Release|Any CPU.Build.0 = Release|Any CPU
		{857D2486-4BC8-46B0-965C-B1A912A0C69D}.Debug|Any CPU.ActiveCfg = Debug|Any CPU
		{857D2486-4BC8-46B0-965C-B1A912A0C69D}.Debug|Any CPU.Build.0 = Debug|Any CPU
		{857D2486-4BC8-46B0-965C-B1A912A0C69D}.Release|Any CPU.ActiveCfg = Release|Any CPU
		{857D2486-4BC8-46B0-965C-B1A912A0C69D}.Release|Any CPU.Build.0 = Release|Any CPU
		{A10CCDB8-9332-43E3-B536-E5E99D2B778B}.Debug|Any CPU.ActiveCfg = Debug|Any CPU
		{A10CCDB8-9332-43E3-B536-E5E99D2B778B}.Debug|Any CPU.Build.0 = Debug|Any CPU
		{A10CCDB8-9332-43E3-B536-E5E99D2B778B}.Release|Any CPU.ActiveCfg = Release|Any CPU
		{A10CCDB8-9332-43E3-B536-E5E99D2B778B}.Release|Any CPU.Build.0 = Release|Any CPU
		{33E9F8D0-6343-4E7A-9516-377602C8776C}.Debug|Any CPU.ActiveCfg = Debug|Any CPU
		{33E9F8D0-6343-4E7A-9516-377602C8776C}.Debug|Any CPU.Build.0 = Debug|Any CPU
		{33E9F8D0-6343-4E7A-9516-377602C8776C}.Release|Any CPU.ActiveCfg = Release|Any CPU
		{33E9F8D0-6343-4E7A-9516-377602C8776C}.Release|Any CPU.Build.0 = Release|Any CPU
	EndGlobalSection
	GlobalSection(SolutionProperties) = preSolution
		HideSolutionNode = FALSE
	EndGlobalSection
	GlobalSection(ExtensibilityGlobals) = postSolution
		SolutionGuid = {ADED14DD-82F9-40FC-A50C-56BFAB867280}
	EndGlobalSection
EndGlobal
